
Microsoft Visual Studio Solution File, Format Version 12.00
# Visual Studio Version 17
VisualStudioVersion = 17.9.34607.119
MinimumVisualStudioVersion = 10.0.40219.1
Project("{FAE04EC0-301F-11D3-BF4B-00C04F79EFBC}") = "RZA", "RZA\RZA.csproj", "{26007B99-8F78-451A-8C10-76E0F0BD27C3}"
EndProject
Global
	GlobalSection(SolutionConfigurationPlatforms) = preSolution
		Debug|Any CPU = Debug|Any CPU
		Release|Any CPU = Release|Any CPU
	EndGlobalSection
	GlobalSection(ProjectConfigurationPlatforms) = postSolution
		{26007B99-8F78-451A-8C10-76E0F0BD27C3}.Debug|Any CPU.ActiveCfg = Debug|Any CPU
		{26007B99-8F78-451A-8C10-76E0F0BD27C3}.Debug|Any CPU.Build.0 = Debug|Any CPU
		{26007B99-8F78-451A-8C10-76E0F0BD27C3}.Release|Any CPU.ActiveCfg = Release|Any CPU
		{26007B99-8F78-451A-8C10-76E0F0BD27C3}.Release|Any CPU.Build.0 = Release|Any CPU
	EndGlobalSection
	GlobalSection(SolutionProperties) = preSolution
		HideSolutionNode = FALSE
	EndGlobalSection
	GlobalSection(ExtensibilityGlobals) = postSolution
		SolutionGuid = {AB2DA5E2-4090-446D-853E-8B7BF72793B5}
	EndGlobalSection
EndGlobal
